
Microsoft Visual Studio Solution File, Format Version 12.00
# Visual Studio Version 17
VisualStudioVersion = 17.8.34511.84
MinimumVisualStudioVersion = 10.0.40219.1
Project("{FAE04EC0-301F-11D3-BF4B-00C04F79EFBC}") = "TelBotVS", "TelBotVS\TelBotVS.csproj", "{960155CC-1BA0-4781-AFE4-A92FE6A94FF7}"
EndProject
Global
	GlobalSection(SolutionConfigurationPlatforms) = preSolution
		Debug|Any CPU = Debug|Any CPU
		Release|Any CPU = Release|Any CPU
	EndGlobalSection
	GlobalSection(ProjectConfigurationPlatforms) = postSolution
		{960155CC-1BA0-4781-AFE4-A92FE6A94FF7}.Debug|Any CPU.ActiveCfg = Debug|Any CPU
		{960155CC-1BA0-4781-AFE4-A92FE6A94FF7}.Debug|Any CPU.Build.0 = Debug|Any CPU
		{960155CC-1BA0-4781-AFE4-A92FE6A94FF7}.Release|Any CPU.ActiveCfg = Release|Any CPU
		{960155CC-1BA0-4781-AFE4-A92FE6A94FF7}.Release|Any CPU.Build.0 = Release|Any CPU
	EndGlobalSection
	GlobalSection(SolutionProperties) = preSolution
		HideSolutionNode = FALSE
	EndGlobalSection
	GlobalSection(ExtensibilityGlobals) = postSolution
		SolutionGuid = {CEF96525-4836-4764-B412-3127A2B66882}
	EndGlobalSection
EndGlobal
